
Microsoft Visual Studio Solution File, Format Version 12.00
# Visual Studio Version 17
VisualStudioVersion = 17.8.34525.116
MinimumVisualStudioVersion = 10.0.40219.1
Project("{8BC9CEB8-8B4A-11D0-8D11-00A0C91BC942}") = "Engine", "Engine\Engine.vcxproj", "{3A82D3BC-B3AC-4C70-B9C8-5C1C1274D58B}"
EndProject
Global
	GlobalSection(SolutionConfigurationPlatforms) = preSolution
		Debug|x64 = Debug|x64
		Release|x64 = Release|x64
	EndGlobalSection
	GlobalSection(ProjectConfigurationPlatforms) = postSolution
		{3A82D3BC-B3AC-4C70-B9C8-5C1C1274D58B}.Debug|x64.ActiveCfg = Debug|x64
		{3A82D3BC-B3AC-4C70-B9C8-5C1C1274D58B}.Debug|x64.Build.0 = Debug|x64
		{3A82D3BC-B3AC-4C70-B9C8-5C1C1274D58B}.Release|x64.ActiveCfg = Release|x64
		{3A82D3BC-B3AC-4C70-B9C8-5C1C1274D58B}.Release|x64.Build.0 = Release|x64
	EndGlobalSection
	GlobalSection(SolutionProperties) = preSolution
		HideSolutionNode = FALSE
	EndGlobalSection
	GlobalSection(ExtensibilityGlobals) = postSolution
		SolutionGuid = {2E7829E2-A511-44D9-AB91-A0284DF32497}
	EndGlobalSection
EndGlobal
